// !$*UTF8*$!
{
	archiveVersion = 1;
	classes = {
	};
	objectVersion = 50;
	objects = {

/* Begin PBXBuildFile section */
		AC88BB4F2130D84C009F7A67 /* AppDelegate.swift in Sources */ = {isa = PBXBuildFile; fileRef = AC88BB4E2130D84C009F7A67 /* AppDelegate.swift */; };
		AC88BB512130D84C009F7A67 /* ViewController.swift in Sources */ = {isa = PBXBuildFile; fileRef = AC88BB502130D84C009F7A67 /* ViewController.swift */; };
		AC88BB542130D84C009F7A67 /* Main.storyboard in Resources */ = {isa = PBXBuildFile; fileRef = AC88BB522130D84C009F7A67 /* Main.storyboard */; };
		AC88BB572130D84C009F7A67 /* MyGame.xcdatamodeld in Sources */ = {isa = PBXBuildFile; fileRef = AC88BB552130D84C009F7A67 /* MyGame.xcdatamodeld */; };
		AC88BB592130D84E009F7A67 /* Assets.xcassets in Resources */ = {isa = PBXBuildFile; fileRef = AC88BB582130D84E009F7A67 /* Assets.xcassets */; };
		AC88BB5C2130D84E009F7A67 /* LaunchScreen.storyboard in Resources */ = {isa = PBXBuildFile; fileRef = AC88BB5A2130D84E009F7A67 /* LaunchScreen.storyboard */; };
		AC88BB642130DAA7009F7A67 /* GamesTableViewController.swift in Sources */ = {isa = PBXBuildFile; fileRef = AC88BB632130DAA7009F7A67 /* GamesTableViewController.swift */; };
		AC88BB662130DADB009F7A67 /* GameViewController.swift in Sources */ = {isa = PBXBuildFile; fileRef = AC88BB652130DADB009F7A67 /* GameViewController.swift */; };
		AC88BB682130E1FF009F7A67 /* UIViewController+Context.swift in Sources */ = {isa = PBXBuildFile; fileRef = AC88BB672130E1FF009F7A67 /* UIViewController+Context.swift */; };
/* End PBXBuildFile section */

/* Begin PBXFileReference section */
		AC88BB4B2130D84C009F7A67 /* MyGame.app */ = {isa = PBXFileReference; explicitFileType = wrapper.application; includeInIndex = 0; path = MyGame.app; sourceTree = BUILT_PRODUCTS_DIR; };
		AC88BB4E2130D84C009F7A67 /* AppDelegate.swift */ = {isa = PBXFileReference; lastKnownFileType = sourcecode.swift; path = AppDelegate.swift; sourceTree = "<group>"; };
		AC88BB502130D84C009F7A67 /* ViewController.swift */ = {isa = PBXFileReference; lastKnownFileType = sourcecode.swift; path = ViewController.swift; sourceTree = "<group>"; };
		AC88BB532130D84C009F7A67 /* Base */ = {isa = PBXFileReference; lastKnownFileType = file.storyboard; name = Base; path = Base.lproj/Main.storyboard; sourceTree = "<group>"; };
		AC88BB562130D84C009F7A67 /* MyGame.xcdatamodel */ = {isa = PBXFileReference; lastKnownFileType = wrapper.xcdatamodel; path = MyGame.xcdatamodel; sourceTree = "<group>"; };
		AC88BB582130D84E009F7A67 /* Assets.xcassets */ = {isa = PBXFileReference; lastKnownFileType = folder.assetcatalog; path = Assets.xcassets; sourceTree = "<group>"; };
		AC88BB5B2130D84E009F7A67 /* Base */ = {isa = PBXFileReference; lastKnownFileType = file.storyboard; name = Base; path = Base.lproj/LaunchScreen.storyboard; sourceTree = "<group>"; };
		AC88BB5D2130D84E009F7A67 /* Info.plist */ = {isa = PBXFileReference; lastKnownFileType = text.plist.xml; path = Info.plist; sourceTree = "<group>"; };
		AC88BB632130DAA7009F7A67 /* GamesTableViewController.swift */ = {isa = PBXFileReference; lastKnownFileType = sourcecode.swift; path = GamesTableViewController.swift; sourceTree = "<group>"; };
		AC88BB652130DADB009F7A67 /* GameViewController.swift */ = {isa = PBXFileReference; lastKnownFileType = sourcecode.swift; path = GameViewController.swift; sourceTree = "<group>"; };
		AC88BB672130E1FF009F7A67 /* UIViewController+Context.swift */ = {isa = PBXFileReference; lastKnownFileType = sourcecode.swift; path = "UIViewController+Context.swift"; sourceTree = "<group>"; };
/* End PBXFileReference section */

/* Begin PBXFrameworksBuildPhase section */
		AC88BB482130D84C009F7A67 /* Frameworks */ = {
			isa = PBXFrameworksBuildPhase;
			buildActionMask = 2147483647;
			files = (
			);
			runOnlyForDeploymentPostprocessing = 0;
		};
/* End PBXFrameworksBuildPhase section */

/* Begin PBXGroup section */
		AC88BB422130D84B009F7A67 = {
			isa = PBXGroup;
			children = (
				AC88BB4D2130D84C009F7A67 /* MyGame */,
				AC88BB4C2130D84C009F7A67 /* Products */,
			);
			sourceTree = "<group>";
		};
		AC88BB4C2130D84C009F7A67 /* Products */ = {
			isa = PBXGroup;
			children = (
				AC88BB4B2130D84C009F7A67 /* MyGame.app */,
			);
			name = Products;
			sourceTree = "<group>";
		};
		AC88BB4D2130D84C009F7A67 /* MyGame */ = {
			isa = PBXGroup;
			children = (
				AC88BB4E2130D84C009F7A67 /* AppDelegate.swift */,
				AC88BB502130D84C009F7A67 /* ViewController.swift */,
				AC88BB522130D84C009F7A67 /* Main.storyboard */,
				AC88BB582130D84E009F7A67 /* Assets.xcassets */,
				AC88BB5A2130D84E009F7A67 /* LaunchScreen.storyboard */,
				AC88BB5D2130D84E009F7A67 /* Info.plist */,
				AC88BB552130D84C009F7A67 /* MyGame.xcdatamodeld */,
				AC88BB632130DAA7009F7A67 /* GamesTableViewController.swift */,
				AC88BB672130E1FF009F7A67 /* UIViewController+Context.swift */,
				AC88BB652130DADB009F7A67 /* GameViewController.swift */,
			);
			path = MyGame;
			sourceTree = "<group>";
		};
/* End PBXGroup section */

/* Begin PBXNativeTarget section */
		AC88BB4A2130D84C009F7A67 /* MyGame */ = {
			isa = PBXNativeTarget;
			buildConfigurationList = AC88BB602130D84E009F7A67 /* Build configuration list for PBXNativeTarget "MyGame" */;
			buildPhases = (
				AC88BB472130D84C009F7A67 /* Sources */,
				AC88BB482130D84C009F7A67 /* Frameworks */,
				AC88BB492130D84C009F7A67 /* Resources */,
			);
			buildRules = (
			);
			dependencies = (
			);
			name = MyGame;
			productName = MyGame;
			productReference = AC88BB4B2130D84C009F7A67 /* MyGame.app */;
			productType = "com.apple.product-type.application";
		};
/* End PBXNativeTarget section */

/* Begin PBXProject section */
		AC88BB432130D84B009F7A67 /* Project object */ = {
			isa = PBXProject;
			attributes = {
				LastSwiftUpdateCheck = 0940;
				LastUpgradeCheck = 0940;
				ORGANIZATIONNAME = FIAP;
				TargetAttributes = {
					AC88BB4A2130D84C009F7A67 = {
						CreatedOnToolsVersion = 9.4.1;
					};
				};
			};
			buildConfigurationList = AC88BB462130D84C009F7A67 /* Build configuration list for PBXProject "MyGame" */;
			compatibilityVersion = "Xcode 9.3";
			developmentRegion = en;
			hasScannedForEncodings = 0;
			knownRegions = (
				en,
				Base,
			);
			mainGroup = AC88BB422130D84B009F7A67;
			productRefGroup = AC88BB4C2130D84C009F7A67 /* Products */;
			projectDirPath = "";
			projectRoot = "";
			targets = (
				AC88BB4A2130D84C009F7A67 /* MyGame */,
			);
		};
/* End PBXProject section */

/* Begin PBXResourcesBuildPhase section */
		AC88BB492130D84C009F7A67 /* Resources */ = {
			isa = PBXResourcesBuildPhase;
			buildActionMask = 2147483647;
			files = (
				AC88BB5C2130D84E009F7A67 /* LaunchScreen.storyboard in Resources */,
				AC88BB592130D84E009F7A67 /* Assets.xcassets in Resources */,
				AC88BB542130D84C009F7A67 /* Main.storyboard in Resources */,
			);
			runOnlyForDeploymentPostprocessing = 0;
		};
/* End PBXResourcesBuildPhase section */

/* Begin PBXSourcesBuildPhase section */
		AC88BB472130D84C009F7A67 /* Sources */ = {
			isa = PBXSourcesBuildPhase;
			buildActionMask = 2147483647;
			files = (
				AC88BB662130DADB009F7A67 /* GameViewController.swift in Sources */,
				AC88BB572130D84C009F7A67 /* MyGame.xcdatamodeld in Sources */,
				AC88BB682130E1FF009F7A67 /* UIViewController+Context.swift in Sources */,
				AC88BB642130DAA7009F7A67 /* GamesTableViewController.swift in Sources */,
				AC88BB512130D84C009F7A67 /* ViewController.swift in Sources */,
				AC88BB4F2130D84C009F7A67 /* AppDelegate.swift in Sources */,
			);
			runOnlyForDeploymentPostprocessing = 0;
		};
/* End PBXSourcesBuildPhase section */

/* Begin PBXVariantGroup section */
		AC88BB522130D84C009F7A67 /* Main.storyboard */ = {
			isa = PBXVariantGroup;
			children = (
				AC88BB532130D84C009F7A67 /* Base */,
			);
			name = Main.storyboard;
			sourceTree = "<group>";
		};
		AC88BB5A2130D84E009F7A67 /* LaunchScreen.storyboard */ = {
			isa = PBXVariantGroup;
			children = (
				AC88BB5B2130D84E009F7A67 /* Base */,
			);
			name = LaunchScreen.storyboard;
			sourceTree = "<group>";
		};
/* End PBXVariantGroup section */

/* Begin XCBuildConfiguration section */
		AC88BB5E2130D84E009F7A67 /* Debug */ = {
			isa = XCBuildConfiguration;
			buildSettings = {
				ALWAYS_SEARCH_USER_PATHS = NO;
				CLANG_ANALYZER_NONNULL = YES;
				CLANG_ANALYZER_NUMBER_OBJECT_CONVERSION = YES_AGGRESSIVE;
				CLANG_CXX_LANGUAGE_STANDARD = "gnu++14";
				CLANG_CXX_LIBRARY = "libc++";
				CLANG_ENABLE_MODULES = YES;
				CLANG_ENABLE_OBJC_ARC = YES;
				CLANG_ENABLE_OBJC_WEAK = YES;
				CLANG_WARN_BLOCK_CAPTURE_AUTORELEASING = YES;
				CLANG_WARN_BOOL_CONVERSION = YES;
				CLANG_WARN_COMMA = YES;
				CLANG_WARN_CONSTANT_CONVERSION = YES;
				CLANG_WARN_DEPRECATED_OBJC_IMPLEMENTATIONS = YES;
				CLANG_WARN_DIRECT_OBJC_ISA_USAGE = YES_ERROR;
				CLANG_WARN_DOCUMENTATION_COMMENTS = YES;
				CLANG_WARN_EMPTY_BODY = YES;
				CLANG_WARN_ENUM_CONVERSION = YES;
				CLANG_WARN_INFINITE_RECURSION = YES;
				CLANG_WARN_INT_CONVERSION = YES;
				CLANG_WARN_NON_LITERAL_NULL_CONVERSION = YES;
				CLANG_WARN_OBJC_IMPLICIT_RETAIN_SELF = YES;
				CLANG_WARN_OBJC_LITERAL_CONVERSION = YES;
				CLANG_WARN_OBJC_ROOT_CLASS = YES_ERROR;
				CLANG_WARN_RANGE_LOOP_ANALYSIS = YES;
				CLANG_WARN_STRICT_PROTOTYPES = YES;
				CLANG_WARN_SUSPICIOUS_MOVE = YES;
				CLANG_WARN_UNGUARDED_AVAILABILITY = YES_AGGRESSIVE;
				CLANG_WARN_UNREACHABLE_CODE = YES;
				CLANG_WARN__DUPLICATE_METHOD_MATCH = YES;
				CODE_SIGN_IDENTITY = "iPhone Developer";
				COPY_PHASE_STRIP = NO;
				DEBUG_INFORMATION_FORMAT = dwarf;
				ENABLE_STRICT_OBJC_MSGSEND = YES;
				ENABLE_TESTABILITY = YES;
				GCC_C_LANGUAGE_STANDARD = gnu11;
				GCC_DYNAMIC_NO_PIC = NO;
				GCC_NO_COMMON_BLOCKS = YES;
				GCC_OPTIMIZATION_LEVEL = 0;
				GCC_PREPROCESSOR_DEFINITIONS = (
					"DEBUG=1",
					"$(inherited)",
				);
				GCC_WARN_64_TO_32_BIT_CONVERSION = YES;
				GCC_WARN_ABOUT_RETURN_TYPE = YES_ERROR;
				GCC_WARN_UNDECLARED_SELECTOR = YES;
				GCC_WARN_UNINITIALIZED_AUTOS = YES_AGGRESSIVE;
				GCC_WARN_UNUSED_FUNCTION = YES;
				GCC_WARN_UNUSED_VARIABLE = YES;
				IPHONEOS_DEPLOYMENT_TARGET = 11.4;
				MTL_ENABLE_DEBUG_INFO = YES;
				ONLY_ACTIVE_ARCH = YES;
				SDKROOT = iphoneos;
				SWIFT_ACTIVE_COMPILATION_CONDITIONS = DEBUG;
				SWIFT_OPTIMIZATION_LEVEL = "-Onone";
			};
			name = Debug;
		};
		AC88BB5F2130D84E009F7A67 /* Release */ = {
			isa = XCBuildConfiguration;
			buildSettings = {
				ALWAYS_SEARCH_USER_PATHS = NO;
				CLANG_ANALYZER_NONNULL = YES;
				CLANG_ANALYZER_NUMBER_OBJECT_CONVERSION = YES_AGGRESSIVE;
				CLANG_CXX_LANGUAGE_STANDARD = "gnu++14";
				CLANG_CXX_LIBRARY = "libc++";
				CLANG_ENABLE_MODULES = YES;
				CLANG_ENABLE_OBJC_ARC = YES;
				CLANG_ENABLE_OBJC_WEAK = YES;
				CLANG_WARN_BLOCK_CAPTURE_AUTORELEASING = YES;
				CLANG_WARN_BOOL_CONVERSION = YES;
				CLANG_WARN_COMMA = YES;
				CLANG_WARN_CONSTANT_CONVERSION = YES;
				CLANG_WARN_DEPRECATED_OBJC_IMPLEMENTATIONS = YES;
				CLANG_WARN_DIRECT_OBJC_ISA_USAGE = YES_ERROR;
				CLANG_WARN_DOCUMENTATION_COMMENTS = YES;
				CLANG_WARN_EMPTY_BODY = YES;
				CLANG_WARN_ENUM_CONVERSION = YES;
				CLANG_WARN_INFINITE_RECURSION = YES;
				CLANG_WARN_INT_CONVERSION = YES;
				CLANG_WARN_NON_LITERAL_NULL_CONVERSION = YES;
				CLANG_WARN_OBJC_IMPLICIT_RETAIN_SELF = YES;
				CLANG_WARN_OBJC_LITERAL_CONVERSION = YES;
				CLANG_WARN_OBJC_ROOT_CLASS = YES_ERROR;
				CLANG_WARN_RANGE_LOOP_ANALYSIS = YES;
				CLANG_WARN_STRICT_PROTOTYPES = YES;
				CLANG_WARN_SUSPICIOUS_MOVE = YES;
				CLANG_WARN_UNGUARDED_AVAILABILITY = YES_AGGRESSIVE;
				CLANG_WARN_UNREACHABLE_CODE = YES;
				CLANG_WARN__DUPLICATE_METHOD_MATCH = YES;
				CODE_SIGN_IDENTITY = "iPhone Developer";
				COPY_PHASE_STRIP = NO;
				DEBUG_INFORMATION_FORMAT = "dwarf-with-dsym";
				ENABLE_NS_ASSERTIONS = NO;
				ENABLE_STRICT_OBJC_MSGSEND = YES;
				GCC_C_LANGUAGE_STANDARD = gnu11;
				GCC_NO_COMMON_BLOCKS = YES;
				GCC_WARN_64_TO_32_BIT_CONVERSION = YES;
				GCC_WARN_ABOUT_RETURN_TYPE = YES_ERROR;
				GCC_WARN_UNDECLARED_SELECTOR = YES;
				GCC_WARN_UNINITIALIZED_AUTOS = YES_AGGRESSIVE;
				GCC_WARN_UNUSED_FUNCTION = YES;
				GCC_WARN_UNUSED_VARIABLE = YES;
				IPHONEOS_DEPLOYMENT_TARGET = 11.4;
				MTL_ENABLE_DEBUG_INFO = NO;
				SDKROOT = iphoneos;
				SWIFT_COMPILATION_MODE = wholemodule;
				SWIFT_OPTIMIZATION_LEVEL = "-O";
				VALIDATE_PRODUCT = YES;
			};
			name = Release;
		};
		AC88BB612130D84E009F7A67 /* Debug */ = {
			isa = XCBuildConfiguration;
			buildSettings = {
				ASSETCATALOG_COMPILER_APPICON_NAME = AppIcon;
				CODE_SIGN_STYLE = Automatic;
				INFOPLIST_FILE = MyGame/Info.plist;
				LD_RUNPATH_SEARCH_PATHS = (
					"$(inherited)",
					"@executable_path/Frameworks",
				);
				PRODUCT_BUNDLE_IDENTIFIER = br.com.fiap.MyGame;
				PRODUCT_NAME = "$(TARGET_NAME)";
				SWIFT_VERSION = 4.0;
				TARGETED_DEVICE_FAMILY = "1,2";
			};
			name = Debug;
		};
		AC88BB622130D84E009F7A67 /* Release */ = {
			isa = XCBuildConfiguration;
			buildSettings = {
				ASSETCATALOG_COMPILER_APPICON_NAME = AppIcon;
				CODE_SIGN_STYLE = Automatic;
				INFOPLIST_FILE = MyGame/Info.plist;
				LD_RUNPATH_SEARCH_PATHS = (
					"$(inherited)",
					"@executable_path/Frameworks",
				);
				PRODUCT_BUNDLE_IDENTIFIER = br.com.fiap.MyGame;
				PRODUCT_NAME = "$(TARGET_NAME)";
				SWIFT_VERSION = 4.0;
				TARGETED_DEVICE_FAMILY = "1,2";
			};
			name = Release;
		};
/* End XCBuildConfiguration section */

/* Begin XCConfigurationList section */
		AC88BB462130D84C009F7A67 /* Build configuration list for PBXProject "MyGame" */ = {
			isa = XCConfigurationList;
			buildConfigurations = (
				AC88BB5E2130D84E009F7A67 /* Debug */,
				AC88BB5F2130D84E009F7A67 /* Release */,
			);
			defaultConfigurationIsVisible = 0;
			defaultConfigurationName = Release;
		};
		AC88BB602130D84E009F7A67 /* Build configuration list for PBXNativeTarget "MyGame" */ = {
			isa = XCConfigurationList;
			buildConfigurations = (
				AC88BB612130D84E009F7A67 /* Debug */,
				AC88BB622130D84E009F7A67 /* Release */,
			);
			defaultConfigurationIsVisible = 0;
			defaultConfigurationName = Release;
		};
/* End XCConfigurationList section */

/* Begin XCVersionGroup section */
		AC88BB552130D84C009F7A67 /* MyGame.xcdatamodeld */ = {
			isa = XCVersionGroup;
			children = (
				AC88BB562130D84C009F7A67 /* MyGame.xcdatamodel */,
			);
			currentVersion = AC88BB562130D84C009F7A67 /* MyGame.xcdatamodel */;
			path = MyGame.xcdatamodeld;
			sourceTree = "<group>";
			versionGroupType = wrapper.xcdatamodel;
		};
/* End XCVersionGroup section */
	};
	rootObject = AC88BB432130D84B009F7A67 /* Project object */;
}
